# This file was autogenerated by Stack.
# You should not edit this file by hand.
# For more information, please see the documentation at:
#   https://docs.haskellstack.org/en/stable/lock_files

packages:
- completed:
    hackage: HaskellForMaths-0.4.9@sha256:96f682ccc369ca71538d49ab6a91a085a7d35e39e29ccc8b0f2ee878c1887b91,4342
    pantry-tree:
      size: 6674
      sha256: cc3b461a071fdcccf72c409d2f884fabe7ca283276f53c77bf11598ef6462d6d
  original:
    hackage: HaskellForMaths-0.4.9@sha256:96f682ccc369ca71538d49ab6a91a085a7d35e39e29ccc8b0f2ee878c1887b91,4342
snapshots:
- completed:
    size: 563100
    url: https://raw.githubusercontent.com/commercialhaskell/stackage-snapshots/master/lts/17/0.yaml
    sha256: e93a85871577ea3423d5f3454b2b6bd37c2c2123c79faf511dfb64f5b49a9f8b
  original:
    url: https://raw.githubusercontent.com/commercialhaskell/stackage-snapshots/master/lts/17/0.yaml
